// !$*UTF8*$!
{
	archiveVersion = 1;
	classes = {
	};
	objectVersion = 44;
	objects = {

/* Begin PBXBuildFile section */
		22CF119B0EE9A8250054F513 /* aubioOnset~.c in Sources */ = {isa = PBXBuildFile; fileRef = 22CF119A0EE9A8250054F513 /* aubioOnset~.c */; };
		22CF119E0EE9A82E0054F513 /* MaxAudioAPI.framework in Frameworks */ = {isa = PBXBuildFile; fileRef = 22CF119D0EE9A82E0054F513 /* MaxAudioAPI.framework */; };
		2FBBEADE08F335360078DB84 /* MaxAPI.framework in Frameworks */ = {isa = PBXBuildFile; fileRef = 54266BCE05E6E9780000000C /* MaxAPI.framework */; };
		DF900680164A7EB800F82FF9 /* m_memory.c in Sources */ = {isa = PBXBuildFile; fileRef = DF90067E164A7EB800F82FF9 /* m_memory.c */; };
		DF900681164A7EB800F82FF9 /* m_memory.h in Headers */ = {isa = PBXBuildFile; fileRef = DF90067F164A7EB800F82FF9 /* m_memory.h */; };
		DFA6266E164BBCE90096428F /* aubio.h in Headers */ = {isa = PBXBuildFile; fileRef = DFA62647164BBCE90096428F /* aubio.h */; };
		DFA6266F164BBCE90096428F /* aubio_priv.h in Headers */ = {isa = PBXBuildFile; fileRef = DFA62648164BBCE90096428F /* aubio_priv.h */; };
		DFA62670164BBCE90096428F /* beattracking.h in Headers */ = {isa = PBXBuildFile; fileRef = DFA62649164BBCE90096428F /* beattracking.h */; };
		DFA62671164BBCE90096428F /* biquad.h in Headers */ = {isa = PBXBuildFile; fileRef = DFA6264A164BBCE90096428F /* biquad.h */; };
		DFA62672164BBCE90096428F /* fft.h in Headers */ = {isa = PBXBuildFile; fileRef = DFA6264B164BBCE90096428F /* fft.h */; };
		DFA62673164BBCE90096428F /* filter.h in Headers */ = {isa = PBXBuildFile; fileRef = DFA6264C164BBCE90096428F /* filter.h */; };
		DFA62674164BBCE90096428F /* hist.h in Headers */ = {isa = PBXBuildFile; fileRef = DFA6264D164BBCE90096428F /* hist.h */; };
		DFA62675164BBCE90096428F /* mathutils.h in Headers */ = {isa = PBXBuildFile; fileRef = DFA6264E164BBCE90096428F /* mathutils.h */; };
		DFA62676164BBCE90096428F /* onset.h in Headers */ = {isa = PBXBuildFile; fileRef = DFA6264F164BBCE90096428F /* onset.h */; };
		DFA62677164BBCE90096428F /* onsetdetection.h in Headers */ = {isa = PBXBuildFile; fileRef = DFA62650164BBCE90096428F /* onsetdetection.h */; };
		DFA62678164BBCE90096428F /* peakpick.h in Headers */ = {isa = PBXBuildFile; fileRef = DFA62651164BBCE90096428F /* peakpick.h */; };
		DFA62679164BBCE90096428F /* phasevoc.h in Headers */ = {isa = PBXBuildFile; fileRef = DFA62652164BBCE90096428F /* phasevoc.h */; };
		DFA6267A164BBCE90096428F /* pitchdetection.h in Headers */ = {isa = PBXBuildFile; fileRef = DFA62653164BBCE90096428F /* pitchdetection.h */; };
		DFA6267B164BBCE90096428F /* pitchfcomb.h in Headers */ = {isa = PBXBuildFile; fileRef = DFA62654164BBCE90096428F /* pitchfcomb.h */; };
		DFA6267C164BBCE90096428F /* pitchmcomb.h in Headers */ = {isa = PBXBuildFile; fileRef = DFA62655164BBCE90096428F /* pitchmcomb.h */; };
		DFA6267D164BBCE90096428F /* pitchschmitt.h in Headers */ = {isa = PBXBuildFile; fileRef = DFA62656164BBCE90096428F /* pitchschmitt.h */; };
		DFA6267E164BBCE90096428F /* pitchyin.h in Headers */ = {isa = PBXBuildFile; fileRef = DFA62657164BBCE90096428F /* pitchyin.h */; };
		DFA6267F164BBCE90096428F /* pitchyinfft.h in Headers */ = {isa = PBXBuildFile; fileRef = DFA62658164BBCE90096428F /* pitchyinfft.h */; };
		DFA62680164BBCE90096428F /* resample.h in Headers */ = {isa = PBXBuildFile; fileRef = DFA62659164BBCE90096428F /* resample.h */; };
		DFA62681164BBCE90096428F /* sample.h in Headers */ = {isa = PBXBuildFile; fileRef = DFA6265A164BBCE90096428F /* sample.h */; };
		DFA62682164BBCE90096428F /* scale.h in Headers */ = {isa = PBXBuildFile; fileRef = DFA6265B164BBCE90096428F /* scale.h */; };
		DFA62683164BBCE90096428F /* tempo.h in Headers */ = {isa = PBXBuildFile; fileRef = DFA6265C164BBCE90096428F /* tempo.h */; };
		DFA62684164BBCE90096428F /* tss.h in Headers */ = {isa = PBXBuildFile; fileRef = DFA6265D164BBCE90096428F /* tss.h */; };
		DFA62685164BBCE90096428F /* types.h in Headers */ = {isa = PBXBuildFile; fileRef = DFA6265E164BBCE90096428F /* types.h */; };
		DFA62686164BBCE90096428F /* fftw3.h in Headers */ = {isa = PBXBuildFile; fileRef = DFA62660164BBCE90096428F /* fftw3.h */; };
		DFA62687164BBCE90096428F /* common.h in Headers */ = {isa = PBXBuildFile; fileRef = DFA62662164BBCE90096428F /* common.h */; };
		DFA62688164BBCE90096428F /* config.h in Headers */ = {isa = PBXBuildFile; fileRef = DFA62663164BBCE90096428F /* config.h */; };
		DFA62689164BBCE90096428F /* fastest_coeffs.h in Headers */ = {isa = PBXBuildFile; fileRef = DFA62664164BBCE90096428F /* fastest_coeffs.h */; };
		DFA6268A164BBCE90096428F /* float_cast.h in Headers */ = {isa = PBXBuildFile; fileRef = DFA62665164BBCE90096428F /* float_cast.h */; };
		DFA6268B164BBCE90096428F /* high_qual_coeffs.h in Headers */ = {isa = PBXBuildFile; fileRef = DFA62666164BBCE90096428F /* high_qual_coeffs.h */; };
		DFA6268C164BBCE90096428F /* mid_qual_coeffs.h in Headers */ = {isa = PBXBuildFile; fileRef = DFA62667164BBCE90096428F /* mid_qual_coeffs.h */; };
		DFA6268D164BBCE90096428F /* samplerate.h in Headers */ = {isa = PBXBuildFile; fileRef = DFA62668164BBCE90096428F /* samplerate.h */; };
		DFA6268E164BBCE90096428F /* sndfile.h in Headers */ = {isa = PBXBuildFile; fileRef = DFA6266A164BBCE90096428F /* sndfile.h */; };
		DFA6268F164BBCE90096428F /* sndfile.hh in Headers */ = {isa = PBXBuildFile; fileRef = DFA6266B164BBCE90096428F /* sndfile.hh */; };
		DFA62690164BBCE90096428F /* aubioOSX.a in Frameworks */ = {isa = PBXBuildFile; fileRef = DFA6266D164BBCE90096428F /* aubioOSX.a */; };
/* End PBXBuildFile section */

/* Begin PBXFileReference section */
		22CF10220EE984600054F513 /* maxmspsdk.xcconfig */ = {isa = PBXFileReference; fileEncoding = 4; lastKnownFileType = text.xcconfig; name = maxmspsdk.xcconfig; path = ../../maxmspsdk.xcconfig; sourceTree = SOURCE_ROOT; };
		22CF119A0EE9A8250054F513 /* aubioOnset~.c */ = {isa = PBXFileReference; fileEncoding = 4; lastKnownFileType = sourcecode.c.c; path = "aubioOnset~.c"; sourceTree = "<group>"; };
		22CF119D0EE9A82E0054F513 /* MaxAudioAPI.framework */ = {isa = PBXFileReference; lastKnownFileType = wrapper.framework; name = MaxAudioAPI.framework; path = "../../../c74support/msp-includes/MaxAudioAPI.framework"; sourceTree = SOURCE_ROOT; };
		2FBBEAE508F335360078DB84 /* aubioOnset~.mxo */ = {isa = PBXFileReference; explicitFileType = wrapper.cfbundle; includeInIndex = 0; path = "aubioOnset~.mxo"; sourceTree = BUILT_PRODUCTS_DIR; };
		54266BCE05E6E9780000000C /* MaxAPI.framework */ = {isa = PBXFileReference; lastKnownFileType = wrapper.framework; name = MaxAPI.framework; path = "../../../c74support/max-includes/MaxAPI.framework"; sourceTree = SOURCE_ROOT; };
		DF90067E164A7EB800F82FF9 /* m_memory.c */ = {isa = PBXFileReference; fileEncoding = 4; lastKnownFileType = sourcecode.c.c; path = m_memory.c; sourceTree = "<group>"; };
		DF90067F164A7EB800F82FF9 /* m_memory.h */ = {isa = PBXFileReference; fileEncoding = 4; lastKnownFileType = sourcecode.c.h; path = m_memory.h; sourceTree = "<group>"; };
		DFA62647164BBCE90096428F /* aubio.h */ = {isa = PBXFileReference; fileEncoding = 4; lastKnownFileType = sourcecode.c.h; path = aubio.h; sourceTree = "<group>"; };
		DFA62648164BBCE90096428F /* aubio_priv.h */ = {isa = PBXFileReference; fileEncoding = 4; lastKnownFileType = sourcecode.c.h; path = aubio_priv.h; sourceTree = "<group>"; };
		DFA62649164BBCE90096428F /* beattracking.h */ = {isa = PBXFileReference; fileEncoding = 4; lastKnownFileType = sourcecode.c.h; path = beattracking.h; sourceTree = "<group>"; };
		DFA6264A164BBCE90096428F /* biquad.h */ = {isa = PBXFileReference; fileEncoding = 4; lastKnownFileType = sourcecode.c.h; path = biquad.h; sourceTree = "<group>"; };
		DFA6264B164BBCE90096428F /* fft.h */ = {isa = PBXFileReference; fileEncoding = 4; lastKnownFileType = sourcecode.c.h; path = fft.h; sourceTree = "<group>"; };
		DFA6264C164BBCE90096428F /* filter.h */ = {isa = PBXFileReference; fileEncoding = 4; lastKnownFileType = sourcecode.c.h; path = filter.h; sourceTree = "<group>"; };
		DFA6264D164BBCE90096428F /* hist.h */ = {isa = PBXFileReference; fileEncoding = 4; lastKnownFileType = sourcecode.c.h; path = hist.h; sourceTree = "<group>"; };
		DFA6264E164BBCE90096428F /* mathutils.h */ = {isa = PBXFileReference; fileEncoding = 4; lastKnownFileType = sourcecode.c.h; path = mathutils.h; sourceTree = "<group>"; };
		DFA6264F164BBCE90096428F /* onset.h */ = {isa = PBXFileReference; fileEncoding = 4; lastKnownFileType = sourcecode.c.h; path = onset.h; sourceTree = "<group>"; };
		DFA62650164BBCE90096428F /* onsetdetection.h */ = {isa = PBXFileReference; fileEncoding = 4; lastKnownFileType = sourcecode.c.h; path = onsetdetection.h; sourceTree = "<group>"; };
		DFA62651164BBCE90096428F /* peakpick.h */ = {isa = PBXFileReference; fileEncoding = 4; lastKnownFileType = sourcecode.c.h; path = peakpick.h; sourceTree = "<group>"; };
		DFA62652164BBCE90096428F /* phasevoc.h */ = {isa = PBXFileReference; fileEncoding = 4; lastKnownFileType = sourcecode.c.h; path = phasevoc.h; sourceTree = "<group>"; };
		DFA62653164BBCE90096428F /* pitchdetection.h */ = {isa = PBXFileReference; fileEncoding = 4; lastKnownFileType = sourcecode.c.h; path = pitchdetection.h; sourceTree = "<group>"; };
		DFA62654164BBCE90096428F /* pitchfcomb.h */ = {isa = PBXFileReference; fileEncoding = 4; lastKnownFileType = sourcecode.c.h; path = pitchfcomb.h; sourceTree = "<group>"; };
		DFA62655164BBCE90096428F /* pitchmcomb.h */ = {isa = PBXFileReference; fileEncoding = 4; lastKnownFileType = sourcecode.c.h; path = pitchmcomb.h; sourceTree = "<group>"; };
		DFA62656164BBCE90096428F /* pitchschmitt.h */ = {isa = PBXFileReference; fileEncoding = 4; lastKnownFileType = sourcecode.c.h; path = pitchschmitt.h; sourceTree = "<group>"; };
		DFA62657164BBCE90096428F /* pitchyin.h */ = {isa = PBXFileReference; fileEncoding = 4; lastKnownFileType = sourcecode.c.h; path = pitchyin.h; sourceTree = "<group>"; };
		DFA62658164BBCE90096428F /* pitchyinfft.h */ = {isa = PBXFileReference; fileEncoding = 4; lastKnownFileType = sourcecode.c.h; path = pitchyinfft.h; sourceTree = "<group>"; };
		DFA62659164BBCE90096428F /* resample.h */ = {isa = PBXFileReference; fileEncoding = 4; lastKnownFileType = sourcecode.c.h; path = resample.h; sourceTree = "<group>"; };
		DFA6265A164BBCE90096428F /* sample.h */ = {isa = PBXFileReference; fileEncoding = 4; lastKnownFileType = sourcecode.c.h; path = sample.h; sourceTree = "<group>"; };
		DFA6265B164BBCE90096428F /* scale.h */ = {isa = PBXFileReference; fileEncoding = 4; lastKnownFileType = sourcecode.c.h; path = scale.h; sourceTree = "<group>"; };
		DFA6265C164BBCE90096428F /* tempo.h */ = {isa = PBXFileReference; fileEncoding = 4; lastKnownFileType = sourcecode.c.h; path = tempo.h; sourceTree = "<group>"; };
		DFA6265D164BBCE90096428F /* tss.h */ = {isa = PBXFileReference; fileEncoding = 4; lastKnownFileType = sourcecode.c.h; path = tss.h; sourceTree = "<group>"; };
		DFA6265E164BBCE90096428F /* types.h */ = {isa = PBXFileReference; fileEncoding = 4; lastKnownFileType = sourcecode.c.h; path = types.h; sourceTree = "<group>"; };
		DFA62660164BBCE90096428F /* fftw3.h */ = {isa = PBXFileReference; fileEncoding = 4; lastKnownFileType = sourcecode.c.h; path = fftw3.h; sourceTree = "<group>"; };
		DFA62662164BBCE90096428F /* common.h */ = {isa = PBXFileReference; fileEncoding = 4; lastKnownFileType = sourcecode.c.h; path = common.h; sourceTree = "<group>"; };
		DFA62663164BBCE90096428F /* config.h */ = {isa = PBXFileReference; fileEncoding = 4; lastKnownFileType = sourcecode.c.h; path = config.h; sourceTree = "<group>"; };
		DFA62664164BBCE90096428F /* fastest_coeffs.h */ = {isa = PBXFileReference; fileEncoding = 4; lastKnownFileType = sourcecode.c.h; path = fastest_coeffs.h; sourceTree = "<group>"; };
		DFA62665164BBCE90096428F /* float_cast.h */ = {isa = PBXFileReference; fileEncoding = 4; lastKnownFileType = sourcecode.c.h; path = float_cast.h; sourceTree = "<group>"; };
		DFA62666164BBCE90096428F /* high_qual_coeffs.h */ = {isa = PBXFileReference; fileEncoding = 4; lastKnownFileType = sourcecode.c.h; path = high_qual_coeffs.h; sourceTree = "<group>"; };
		DFA62667164BBCE90096428F /* mid_qual_coeffs.h */ = {isa = PBXFileReference; fileEncoding = 4; lastKnownFileType = sourcecode.c.h; path = mid_qual_coeffs.h; sourceTree = "<group>"; };
		DFA62668164BBCE90096428F /* samplerate.h */ = {isa = PBXFileReference; fileEncoding = 4; lastKnownFileType = sourcecode.c.h; path = samplerate.h; sourceTree = "<group>"; };
		DFA6266A164BBCE90096428F /* sndfile.h */ = {isa = PBXFileReference; fileEncoding = 4; lastKnownFileType = sourcecode.c.h; path = sndfile.h; sourceTree = "<group>"; };
		DFA6266B164BBCE90096428F /* sndfile.hh */ = {isa = PBXFileReference; fileEncoding = 4; lastKnownFileType = sourcecode.cpp.h; path = sndfile.hh; sourceTree = "<group>"; };
		DFA6266D164BBCE90096428F /* aubioOSX.a */ = {isa = PBXFileReference; lastKnownFileType = archive.ar; path = aubioOSX.a; sourceTree = "<group>"; };
/* End PBXFileReference section */

/* Begin PBXFrameworksBuildPhase section */
		2FBBEADC08F335360078DB84 /* Frameworks */ = {
			isa = PBXFrameworksBuildPhase;
			buildActionMask = 2147483647;
			files = (
				2FBBEADE08F335360078DB84 /* MaxAPI.framework in Frameworks */,
				22CF119E0EE9A82E0054F513 /* MaxAudioAPI.framework in Frameworks */,
				DFA62690164BBCE90096428F /* aubioOSX.a in Frameworks */,
			);
			runOnlyForDeploymentPostprocessing = 0;
		};
/* End PBXFrameworksBuildPhase section */

/* Begin PBXGroup section */
		089C166AFE841209C02AAC07 /* iterator */ = {
			isa = PBXGroup;
			children = (
				22CF10220EE984600054F513 /* maxmspsdk.xcconfig */,
				08FB77ADFE841716C02AAC07 /* Source */,
				089C1671FE841209C02AAC07 /* External Frameworks and Libraries */,
				19C28FB4FE9D528D11CA2CBB /* Products */,
			);
			name = iterator;
			sourceTree = "<group>";
		};
		089C1671FE841209C02AAC07 /* External Frameworks and Libraries */ = {
			isa = PBXGroup;
			children = (
				DFA62644164BBCE90096428F /* aubioFullOSXUni */,
				54266BCE05E6E9780000000C /* MaxAPI.framework */,
				22CF119D0EE9A82E0054F513 /* MaxAudioAPI.framework */,
			);
			name = "External Frameworks and Libraries";
			sourceTree = "<group>";
		};
		08FB77ADFE841716C02AAC07 /* Source */ = {
			isa = PBXGroup;
			children = (
				DF90067E164A7EB800F82FF9 /* m_memory.c */,
				DF90067F164A7EB800F82FF9 /* m_memory.h */,
				22CF119A0EE9A8250054F513 /* aubioOnset~.c */,
			);
			name = Source;
			sourceTree = "<group>";
		};
		19C28FB4FE9D528D11CA2CBB /* Products */ = {
			isa = PBXGroup;
			children = (
				2FBBEAE508F335360078DB84 /* aubioOnset~.mxo */,
			);
			name = Products;
			sourceTree = "<group>";
		};
		DFA62644164BBCE90096428F /* aubioFullOSXUni */ = {
			isa = PBXGroup;
			children = (
				DFA62645164BBCE90096428F /* include */,
				DFA6266C164BBCE90096428F /* lib */,
			);
			path = aubioFullOSXUni;
			sourceTree = "<group>";
		};
		DFA62645164BBCE90096428F /* include */ = {
			isa = PBXGroup;
			children = (
				DFA62646164BBCE90096428F /* aubio */,
				DFA6265F164BBCE90096428F /* fft */,
				DFA62661164BBCE90096428F /* libsamplerate */,
				DFA62669164BBCE90096428F /* libsndfile */,
			);
			path = include;
			sourceTree = "<group>";
		};
		DFA62646164BBCE90096428F /* aubio */ = {
			isa = PBXGroup;
			children = (
				DFA62647164BBCE90096428F /* aubio.h */,
				DFA62648164BBCE90096428F /* aubio_priv.h */,
				DFA62649164BBCE90096428F /* beattracking.h */,
				DFA6264A164BBCE90096428F /* biquad.h */,
				DFA6264B164BBCE90096428F /* fft.h */,
				DFA6264C164BBCE90096428F /* filter.h */,
				DFA6264D164BBCE90096428F /* hist.h */,
				DFA6264E164BBCE90096428F /* mathutils.h */,
				DFA6264F164BBCE90096428F /* onset.h */,
				DFA62650164BBCE90096428F /* onsetdetection.h */,
				DFA62651164BBCE90096428F /* peakpick.h */,
				DFA62652164BBCE90096428F /* phasevoc.h */,
				DFA62653164BBCE90096428F /* pitchdetection.h */,
				DFA62654164BBCE90096428F /* pitchfcomb.h */,
				DFA62655164BBCE90096428F /* pitchmcomb.h */,
				DFA62656164BBCE90096428F /* pitchschmitt.h */,
				DFA62657164BBCE90096428F /* pitchyin.h */,
				DFA62658164BBCE90096428F /* pitchyinfft.h */,
				DFA62659164BBCE90096428F /* resample.h */,
				DFA6265A164BBCE90096428F /* sample.h */,
				DFA6265B164BBCE90096428F /* scale.h */,
				DFA6265C164BBCE90096428F /* tempo.h */,
				DFA6265D164BBCE90096428F /* tss.h */,
				DFA6265E164BBCE90096428F /* types.h */,
			);
			path = aubio;
			sourceTree = "<group>";
		};
		DFA6265F164BBCE90096428F /* fft */ = {
			isa = PBXGroup;
			children = (
				DFA62660164BBCE90096428F /* fftw3.h */,
			);
			path = fft;
			sourceTree = "<group>";
		};
		DFA62661164BBCE90096428F /* libsamplerate */ = {
			isa = PBXGroup;
			children = (
				DFA62662164BBCE90096428F /* common.h */,
				DFA62663164BBCE90096428F /* config.h */,
				DFA62664164BBCE90096428F /* fastest_coeffs.h */,
				DFA62665164BBCE90096428F /* float_cast.h */,
				DFA62666164BBCE90096428F /* high_qual_coeffs.h */,
				DFA62667164BBCE90096428F /* mid_qual_coeffs.h */,
				DFA62668164BBCE90096428F /* samplerate.h */,
			);
			path = libsamplerate;
			sourceTree = "<group>";
		};
		DFA62669164BBCE90096428F /* libsndfile */ = {
			isa = PBXGroup;
			children = (
				DFA6266A164BBCE90096428F /* sndfile.h */,
				DFA6266B164BBCE90096428F /* sndfile.hh */,
			);
			path = libsndfile;
			sourceTree = "<group>";
		};
		DFA6266C164BBCE90096428F /* lib */ = {
			isa = PBXGroup;
			children = (
				DFA6266D164BBCE90096428F /* aubioOSX.a */,
			);
			path = lib;
			sourceTree = "<group>";
		};
/* End PBXGroup section */

/* Begin PBXHeadersBuildPhase section */
		2FBBEAD708F335360078DB84 /* Headers */ = {
			isa = PBXHeadersBuildPhase;
			buildActionMask = 2147483647;
			files = (
				DF900681164A7EB800F82FF9 /* m_memory.h in Headers */,
				DFA6266E164BBCE90096428F /* aubio.h in Headers */,
				DFA6266F164BBCE90096428F /* aubio_priv.h in Headers */,
				DFA62670164BBCE90096428F /* beattracking.h in Headers */,
				DFA62671164BBCE90096428F /* biquad.h in Headers */,
				DFA62672164BBCE90096428F /* fft.h in Headers */,
				DFA62673164BBCE90096428F /* filter.h in Headers */,
				DFA62674164BBCE90096428F /* hist.h in Headers */,
				DFA62675164BBCE90096428F /* mathutils.h in Headers */,
				DFA62676164BBCE90096428F /* onset.h in Headers */,
				DFA62677164BBCE90096428F /* onsetdetection.h in Headers */,
				DFA62678164BBCE90096428F /* peakpick.h in Headers */,
				DFA62679164BBCE90096428F /* phasevoc.h in Headers */,
				DFA6267A164BBCE90096428F /* pitchdetection.h in Headers */,
				DFA6267B164BBCE90096428F /* pitchfcomb.h in Headers */,
				DFA6267C164BBCE90096428F /* pitchmcomb.h in Headers */,
				DFA6267D164BBCE90096428F /* pitchschmitt.h in Headers */,
				DFA6267E164BBCE90096428F /* pitchyin.h in Headers */,
				DFA6267F164BBCE90096428F /* pitchyinfft.h in Headers */,
				DFA62680164BBCE90096428F /* resample.h in Headers */,
				DFA62681164BBCE90096428F /* sample.h in Headers */,
				DFA62682164BBCE90096428F /* scale.h in Headers */,
				DFA62683164BBCE90096428F /* tempo.h in Headers */,
				DFA62684164BBCE90096428F /* tss.h in Headers */,
				DFA62685164BBCE90096428F /* types.h in Headers */,
				DFA62686164BBCE90096428F /* fftw3.h in Headers */,
				DFA62687164BBCE90096428F /* common.h in Headers */,
				DFA62688164BBCE90096428F /* config.h in Headers */,
				DFA62689164BBCE90096428F /* fastest_coeffs.h in Headers */,
				DFA6268A164BBCE90096428F /* float_cast.h in Headers */,
				DFA6268B164BBCE90096428F /* high_qual_coeffs.h in Headers */,
				DFA6268C164BBCE90096428F /* mid_qual_coeffs.h in Headers */,
				DFA6268D164BBCE90096428F /* samplerate.h in Headers */,
				DFA6268E164BBCE90096428F /* sndfile.h in Headers */,
				DFA6268F164BBCE90096428F /* sndfile.hh in Headers */,
			);
			runOnlyForDeploymentPostprocessing = 0;
		};
/* End PBXHeadersBuildPhase section */

/* Begin PBXNativeTarget section */
		2FBBEAD608F335360078DB84 /* max-external */ = {
			isa = PBXNativeTarget;
			buildConfigurationList = 2FBBEAE008F335360078DB84 /* Build configuration list for PBXNativeTarget "max-external" */;
			buildPhases = (
				2FBBEAD708F335360078DB84 /* Headers */,
				2FBBEAD808F335360078DB84 /* Resources */,
				2FBBEADA08F335360078DB84 /* Sources */,
				2FBBEADC08F335360078DB84 /* Frameworks */,
				2FBBEADF08F335360078DB84 /* Rez */,
			);
			buildRules = (
			);
			dependencies = (
			);
			name = "max-external";
			productName = iterator;
			productReference = 2FBBEAE508F335360078DB84 /* aubioOnset~.mxo */;
			productType = "com.apple.product-type.bundle";
		};
/* End PBXNativeTarget section */

/* Begin PBXProject section */
		089C1669FE841209C02AAC07 /* Project object */ = {
			isa = PBXProject;
			buildConfigurationList = 2FBBEACF08F335010078DB84 /* Build configuration list for PBXProject "aubioOnset~" */;
			compatibilityVersion = "Xcode 3.0";
			developmentRegion = English;
			hasScannedForEncodings = 1;
			knownRegions = (
				English,
				Japanese,
				French,
				German,
			);
			mainGroup = 089C166AFE841209C02AAC07 /* iterator */;
			projectDirPath = "";
			projectRoot = "";
			targets = (
				2FBBEAD608F335360078DB84 /* max-external */,
			);
		};
/* End PBXProject section */

/* Begin PBXResourcesBuildPhase section */
		2FBBEAD808F335360078DB84 /* Resources */ = {
			isa = PBXResourcesBuildPhase;
			buildActionMask = 2147483647;
			files = (
			);
			runOnlyForDeploymentPostprocessing = 0;
		};
/* End PBXResourcesBuildPhase section */

/* Begin PBXRezBuildPhase section */
		2FBBEADF08F335360078DB84 /* Rez */ = {
			isa = PBXRezBuildPhase;
			buildActionMask = 2147483647;
			files = (
			);
			runOnlyForDeploymentPostprocessing = 0;
		};
/* End PBXRezBuildPhase section */

/* Begin PBXSourcesBuildPhase section */
		2FBBEADA08F335360078DB84 /* Sources */ = {
			isa = PBXSourcesBuildPhase;
			buildActionMask = 2147483647;
			files = (
				22CF119B0EE9A8250054F513 /* aubioOnset~.c in Sources */,
				DF900680164A7EB800F82FF9 /* m_memory.c in Sources */,
			);
			runOnlyForDeploymentPostprocessing = 0;
		};
/* End PBXSourcesBuildPhase section */

/* Begin XCBuildConfiguration section */
		2FBBEAD008F335010078DB84 /* Development */ = {
			isa = XCBuildConfiguration;
			buildSettings = {
			};
			name = Development;
		};
		2FBBEAD108F335010078DB84 /* Deployment */ = {
			isa = XCBuildConfiguration;
			buildSettings = {
			};
			name = Deployment;
		};
		2FBBEAE108F335360078DB84 /* Development */ = {
			isa = XCBuildConfiguration;
			baseConfigurationReference = 22CF10220EE984600054F513 /* maxmspsdk.xcconfig */;
			buildSettings = {
				COPY_PHASE_STRIP = NO;
				FRAMEWORK_SEARCH_PATHS = (
					"$(inherited)",
					"\"$(SRCROOT)/../../../c74support/msp-includes\"",
				);
				GCC_OPTIMIZATION_LEVEL = 0;
				LIBRARY_SEARCH_PATHS = (
					"$(inherited)",
					"\"$(SRCROOT)/../../../../../drum_transcription/max/LIBS/aubio-onset-detector/aubioonsetclass~/aubioFullOSXUni/lib\"",
					"\"$(SRCROOT)/aubioFullOSXUni/lib\"",
				);
				PRODUCT_NAME = "aubioOnset~";
			};
			name = Development;
		};
		2FBBEAE208F335360078DB84 /* Deployment */ = {
			isa = XCBuildConfiguration;
			baseConfigurationReference = 22CF10220EE984600054F513 /* maxmspsdk.xcconfig */;
			buildSettings = {
				COPY_PHASE_STRIP = YES;
				FRAMEWORK_SEARCH_PATHS = (
					"$(inherited)",
					"\"$(SRCROOT)/../../../c74support/msp-includes\"",
				);
				LIBRARY_SEARCH_PATHS = (
					"$(inherited)",
					"\"$(SRCROOT)/../../../../../drum_transcription/max/LIBS/aubio-onset-detector/aubioonsetclass~/aubioFullOSXUni/lib\"",
					"\"$(SRCROOT)/aubioFullOSXUni/lib\"",
				);
				PRODUCT_NAME = "aubioOnset~";
			};
			name = Deployment;
		};
/* End XCBuildConfiguration section */

/* Begin XCConfigurationList section */
		2FBBEACF08F335010078DB84 /* Build configuration list for PBXProject "aubioOnset~" */ = {
			isa = XCConfigurationList;
			buildConfigurations = (
				2FBBEAD008F335010078DB84 /* Development */,
				2FBBEAD108F335010078DB84 /* Deployment */,
			);
			defaultConfigurationIsVisible = 0;
			defaultConfigurationName = Development;
		};
		2FBBEAE008F335360078DB84 /* Build configuration list for PBXNativeTarget "max-external" */ = {
			isa = XCConfigurationList;
			buildConfigurations = (
				2FBBEAE108F335360078DB84 /* Development */,
				2FBBEAE208F335360078DB84 /* Deployment */,
			);
			defaultConfigurationIsVisible = 0;
			defaultConfigurationName = Development;
		};
/* End XCConfigurationList section */
	};
	rootObject = 089C1669FE841209C02AAC07 /* Project object */;
}
